
Microsoft Visual Studio Solution File, Format Version 11.00
# Visual Studio 2010
Project("{8BC9CEB8-8B4A-11D0-8D11-00A0C91BC942}") = "GPL", "GPL\GPL.vcxproj", "{4C1BC50F-BB41-48D7-8F3A-8FD66FA54BA6}"
EndProject
Global
	GlobalSection(SolutionConfigurationPlatforms) = preSolution
		Debug|Win32 = Debug|Win32
		Release|Win32 = Release|Win32
	EndGlobalSection
	GlobalSection(ProjectConfigurationPlatforms) = postSolution
		{4C1BC50F-BB41-48D7-8F3A-8FD66FA54BA6}.Debug|Win32.ActiveCfg = Debug|Win32
		{4C1BC50F-BB41-48D7-8F3A-8FD66FA54BA6}.Debug|Win32.Build.0 = Debug|Win32
		{4C1BC50F-BB41-48D7-8F3A-8FD66FA54BA6}.Release|Win32.ActiveCfg = Release|Win32
		{4C1BC50F-BB41-48D7-8F3A-8FD66FA54BA6}.Release|Win32.Build.0 = Release|Win32
	EndGlobalSection
	GlobalSection(SolutionProperties) = preSolution
		HideSolutionNode = FALSE
	EndGlobalSection
	GlobalSection(ExtensibilityGlobals) = postSolution
		BuildVersion_StartDate = 2014/8/25
		BuildVersion_BuildVersioningStyle = Increment.Increment.Increment.Increment
	EndGlobalSection
EndGlobal
