
Microsoft Visual Studio Solution File, Format Version 11.00
# Visual Studio 2010
Project("{8BC9CEB8-8B4A-11D0-8D11-00A0C91BC942}") = "gpl", "NET2010.vcxproj", "{93648BE1-5337-4509-AD67-C72EC80D298D}"
EndProject
Global
	GlobalSection(SolutionConfigurationPlatforms) = preSolution
		Debug|Win32 = Debug|Win32
		Release|Win32 = Release|Win32
	EndGlobalSection
	GlobalSection(ProjectConfigurationPlatforms) = postSolution
		{93648BE1-5337-4509-AD67-C72EC80D298D}.Debug|Win32.ActiveCfg = Debug|Win32
		{93648BE1-5337-4509-AD67-C72EC80D298D}.Debug|Win32.Build.0 = Debug|Win32
		{93648BE1-5337-4509-AD67-C72EC80D298D}.Release|Win32.ActiveCfg = Release|Win32
		{93648BE1-5337-4509-AD67-C72EC80D298D}.Release|Win32.Build.0 = Release|Win32
	EndGlobalSection
	GlobalSection(SolutionProperties) = preSolution
		HideSolutionNode = FALSE
	EndGlobalSection
EndGlobal
